
Microsoft Visual Studio Solution File, Format Version 12.00
# Visual Studio 15
VisualStudioVersion = 15.0.28307.1169
MinimumVisualStudioVersion = 10.0.40219.1
Project("{9A19103F-16F7-4668-BE54-9A1E7A4F7556}") = "VintriTechnologies", "VintriTechnologies\VintriTechnologies.csproj", "{89F12C33-BA53-436C-B726-1C3BF5201EE9}"
EndProject
Project("{FAE04EC0-301F-11D3-BF4B-00C04F79EFBC}") = "VintriTechnologiesTest", "VintriTechnologiesTest\VintriTechnologiesTest.csproj", "{B674065C-1949-48B7-96DB-FCFF57317FA3}"
EndProject
Global
	GlobalSection(SolutionConfigurationPlatforms) = preSolution
		Debug|Any CPU = Debug|Any CPU
		Release|Any CPU = Release|Any CPU
	EndGlobalSection
	GlobalSection(ProjectConfigurationPlatforms) = postSolution
		{89F12C33-BA53-436C-B726-1C3BF5201EE9}.Debug|Any CPU.ActiveCfg = Debug|Any CPU
		{89F12C33-BA53-436C-B726-1C3BF5201EE9}.Debug|Any CPU.Build.0 = Debug|Any CPU
		{89F12C33-BA53-436C-B726-1C3BF5201EE9}.Release|Any CPU.ActiveCfg = Release|Any CPU
		{89F12C33-BA53-436C-B726-1C3BF5201EE9}.Release|Any CPU.Build.0 = Release|Any CPU
		{B674065C-1949-48B7-96DB-FCFF57317FA3}.Debug|Any CPU.ActiveCfg = Debug|Any CPU
		{B674065C-1949-48B7-96DB-FCFF57317FA3}.Debug|Any CPU.Build.0 = Debug|Any CPU
		{B674065C-1949-48B7-96DB-FCFF57317FA3}.Release|Any CPU.ActiveCfg = Release|Any CPU
		{B674065C-1949-48B7-96DB-FCFF57317FA3}.Release|Any CPU.Build.0 = Release|Any CPU
	EndGlobalSection
	GlobalSection(SolutionProperties) = preSolution
		HideSolutionNode = FALSE
	EndGlobalSection
	GlobalSection(ExtensibilityGlobals) = postSolution
		SolutionGuid = {C92BDE09-7C26-4EDE-9FFF-91B5D70846AA}
	EndGlobalSection
EndGlobal
